
Microsoft Visual Studio Solution File, Format Version 12.00
# Visual Studio 15
VisualStudioVersion = 15.0.28307.852
MinimumVisualStudioVersion = 10.0.40219.1
Project("{FAE04EC0-301F-11D3-BF4B-00C04F79EFBC}") = "Messenger", "Messenger\Messenger.csproj", "{F60848BF-7F08-4F80-852E-52C84B3D52F1}"
EndProject
Global
	GlobalSection(SolutionConfigurationPlatforms) = preSolution
		Debug|Any CPU = Debug|Any CPU
		Release|Any CPU = Release|Any CPU
	EndGlobalSection
	GlobalSection(ProjectConfigurationPlatforms) = postSolution
		{F60848BF-7F08-4F80-852E-52C84B3D52F1}.Debug|Any CPU.ActiveCfg = Debug|Any CPU
		{F60848BF-7F08-4F80-852E-52C84B3D52F1}.Debug|Any CPU.Build.0 = Debug|Any CPU
		{F60848BF-7F08-4F80-852E-52C84B3D52F1}.Release|Any CPU.ActiveCfg = Release|Any CPU
		{F60848BF-7F08-4F80-852E-52C84B3D52F1}.Release|Any CPU.Build.0 = Release|Any CPU
	EndGlobalSection
	GlobalSection(SolutionProperties) = preSolution
		HideSolutionNode = FALSE
	EndGlobalSection
	GlobalSection(ExtensibilityGlobals) = postSolution
		SolutionGuid = {7042A41E-EFF2-4F97-823E-F56220345499}
	EndGlobalSection
EndGlobal
